
Microsoft Visual Studio Solution File, Format Version 12.00
# Visual Studio Version 17
VisualStudioVersion = 17.8.34004.107
MinimumVisualStudioVersion = 10.0.40219.1
Project("{9A19103F-16F7-4668-BE54-9A1E7A4F7556}") = "SuperApp", "SuperApp\SuperApp.csproj", "{518DE07D-1ADA-4529-9EB1-D0E658EF7CCF}"
EndProject
Global
	GlobalSection(SolutionConfigurationPlatforms) = preSolution
		Debug|Any CPU = Debug|Any CPU
		Release|Any CPU = Release|Any CPU
	EndGlobalSection
	GlobalSection(ProjectConfigurationPlatforms) = postSolution
		{518DE07D-1ADA-4529-9EB1-D0E658EF7CCF}.Debug|Any CPU.ActiveCfg = Debug|Any CPU
		{518DE07D-1ADA-4529-9EB1-D0E658EF7CCF}.Debug|Any CPU.Build.0 = Debug|Any CPU
		{518DE07D-1ADA-4529-9EB1-D0E658EF7CCF}.Release|Any CPU.ActiveCfg = Release|Any CPU
		{518DE07D-1ADA-4529-9EB1-D0E658EF7CCF}.Release|Any CPU.Build.0 = Release|Any CPU
	EndGlobalSection
	GlobalSection(SolutionProperties) = preSolution
		HideSolutionNode = FALSE
	EndGlobalSection
	GlobalSection(ExtensibilityGlobals) = postSolution
		SolutionGuid = {933EA5BD-FEB8-46FE-B6DF-70CE0BC3CF31}
	EndGlobalSection
EndGlobal
